
Microsoft Visual Studio Solution File, Format Version 12.00
# Visual Studio Version 16
VisualStudioVersion = 16.0.29020.237
MinimumVisualStudioVersion = 10.0.40219.1
Project("{2150E333-8FDC-42A3-9474-1A3956D46DE8}") = "lib", "lib", "{D637E865-42A1-4AED-8B00-DDE7AE87F495}"
EndProject
Project("{9A19103F-16F7-4668-BE54-9A1E7A4F7556}") = "CryptHash.Net", "lib\CryptHash.Net\CryptHash.Net.csproj", "{7B61C728-9056-441E-9BA1-F230EF68FA3D}"
EndProject
Project("{2150E333-8FDC-42A3-9474-1A3956D46DE8}") = "bin", "bin", "{32203E19-E62F-427D-8134-4B3DD7716B19}"
EndProject
Project("{9A19103F-16F7-4668-BE54-9A1E7A4F7556}") = "crypthash", "bin\crypthash\crypthash.csproj", "{D1ADED4E-2C11-4F18-8883-DA4613B09446}"
EndProject
Project("{9A19103F-16F7-4668-BE54-9A1E7A4F7556}") = "CryptHash.Net.Tests", "lib\CryptHash.Net.Tests\CryptHash.Net.Tests.csproj", "{B4BD2E65-7A37-4027-88AD-30B217B42E02}"
EndProject
Global
	GlobalSection(SolutionConfigurationPlatforms) = preSolution
		Debug|Any CPU = Debug|Any CPU
		Release|Any CPU = Release|Any CPU
	EndGlobalSection
	GlobalSection(ProjectConfigurationPlatforms) = postSolution
		{7B61C728-9056-441E-9BA1-F230EF68FA3D}.Debug|Any CPU.ActiveCfg = Debug|Any CPU
		{7B61C728-9056-441E-9BA1-F230EF68FA3D}.Debug|Any CPU.Build.0 = Debug|Any CPU
		{7B61C728-9056-441E-9BA1-F230EF68FA3D}.Release|Any CPU.ActiveCfg = Release|Any CPU
		{7B61C728-9056-441E-9BA1-F230EF68FA3D}.Release|Any CPU.Build.0 = Release|Any CPU
		{D1ADED4E-2C11-4F18-8883-DA4613B09446}.Debug|Any CPU.ActiveCfg = Debug|Any CPU
		{D1ADED4E-2C11-4F18-8883-DA4613B09446}.Debug|Any CPU.Build.0 = Debug|Any CPU
		{D1ADED4E-2C11-4F18-8883-DA4613B09446}.Release|Any CPU.ActiveCfg = Release|Any CPU
		{D1ADED4E-2C11-4F18-8883-DA4613B09446}.Release|Any CPU.Build.0 = Release|Any CPU
		{B4BD2E65-7A37-4027-88AD-30B217B42E02}.Debug|Any CPU.ActiveCfg = Debug|Any CPU
		{B4BD2E65-7A37-4027-88AD-30B217B42E02}.Debug|Any CPU.Build.0 = Debug|Any CPU
		{B4BD2E65-7A37-4027-88AD-30B217B42E02}.Release|Any CPU.ActiveCfg = Release|Any CPU
		{B4BD2E65-7A37-4027-88AD-30B217B42E02}.Release|Any CPU.Build.0 = Release|Any CPU
	EndGlobalSection
	GlobalSection(SolutionProperties) = preSolution
		HideSolutionNode = FALSE
	EndGlobalSection
	GlobalSection(NestedProjects) = preSolution
		{7B61C728-9056-441E-9BA1-F230EF68FA3D} = {D637E865-42A1-4AED-8B00-DDE7AE87F495}
		{D1ADED4E-2C11-4F18-8883-DA4613B09446} = {32203E19-E62F-427D-8134-4B3DD7716B19}
		{B4BD2E65-7A37-4027-88AD-30B217B42E02} = {D637E865-42A1-4AED-8B00-DDE7AE87F495}
	EndGlobalSection
	GlobalSection(ExtensibilityGlobals) = postSolution
		SolutionGuid = {43037084-02DE-4862-BCCA-60EA6D19E0D3}
	EndGlobalSection
EndGlobal
